
Microsoft Visual Studio Solution File, Format Version 12.00
# Visual Studio 2012
Project("{FAE04EC0-301F-11D3-BF4B-00C04F79EFBC}") = "XamariniOSPopup", "XamariniOSPopup\XamariniOSPopup.csproj", "{F64A1130-D4FC-45D2-BA5D-70F4EB5E58A9}"
EndProject
Global
	GlobalSection(SolutionConfigurationPlatforms) = preSolution
		Debug|iPhoneSimulator = Debug|iPhoneSimulator
		Release|iPhone = Release|iPhone
		Release|iPhoneSimulator = Release|iPhoneSimulator
		Debug|iPhone = Debug|iPhone
	EndGlobalSection
	GlobalSection(ProjectConfigurationPlatforms) = postSolution
		{F64A1130-D4FC-45D2-BA5D-70F4EB5E58A9}.Debug|iPhoneSimulator.ActiveCfg = Debug|iPhoneSimulator
		{F64A1130-D4FC-45D2-BA5D-70F4EB5E58A9}.Debug|iPhoneSimulator.Build.0 = Debug|iPhoneSimulator
		{F64A1130-D4FC-45D2-BA5D-70F4EB5E58A9}.Release|iPhone.ActiveCfg = Release|iPhone
		{F64A1130-D4FC-45D2-BA5D-70F4EB5E58A9}.Release|iPhone.Build.0 = Release|iPhone
		{F64A1130-D4FC-45D2-BA5D-70F4EB5E58A9}.Release|iPhoneSimulator.ActiveCfg = Release|iPhoneSimulator
		{F64A1130-D4FC-45D2-BA5D-70F4EB5E58A9}.Release|iPhoneSimulator.Build.0 = Release|iPhoneSimulator
		{F64A1130-D4FC-45D2-BA5D-70F4EB5E58A9}.Debug|iPhone.ActiveCfg = Debug|iPhone
		{F64A1130-D4FC-45D2-BA5D-70F4EB5E58A9}.Debug|iPhone.Build.0 = Debug|iPhone
	EndGlobalSection
EndGlobal
